// !$*UTF8*$!
{
	archiveVersion = 1;
	classes = {
	};
	objectVersion = 50;
	objects = {

/* Begin PBXBuildFile section */
		D85675BA2131468C003DB4C9 /* AppDelegate.m in Sources */ = {isa = PBXBuildFile; fileRef = D85675B92131468C003DB4C9 /* AppDelegate.m */; };
		D85675BD2131468C003DB4C9 /* ViewController.m in Sources */ = {isa = PBXBuildFile; fileRef = D85675BC2131468C003DB4C9 /* ViewController.m */; };
		D85675C02131468C003DB4C9 /* Main.storyboard in Resources */ = {isa = PBXBuildFile; fileRef = D85675BE2131468C003DB4C9 /* Main.storyboard */; };
		D85675C22131468E003DB4C9 /* Assets.xcassets in Resources */ = {isa = PBXBuildFile; fileRef = D85675C12131468E003DB4C9 /* Assets.xcassets */; };
		D85675C52131468E003DB4C9 /* LaunchScreen.storyboard in Resources */ = {isa = PBXBuildFile; fileRef = D85675C32131468E003DB4C9 /* LaunchScreen.storyboard */; };
		D85675C82131468E003DB4C9 /* main.m in Sources */ = {isa = PBXBuildFile; fileRef = D85675C72131468E003DB4C9 /* main.m */; };
		D85675D22131468E003DB4C9 /* DrawerEffectTests.m in Sources */ = {isa = PBXBuildFile; fileRef = D85675D12131468E003DB4C9 /* DrawerEffectTests.m */; };
		D85675DD2131468E003DB4C9 /* DrawerEffectUITests.m in Sources */ = {isa = PBXBuildFile; fileRef = D85675DC2131468E003DB4C9 /* DrawerEffectUITests.m */; };
		D85675ED21314714003DB4C9 /* BaseViewController.m in Sources */ = {isa = PBXBuildFile; fileRef = D85675EC21314714003DB4C9 /* BaseViewController.m */; };
		D85675F02131472A003DB4C9 /* RootViewController.m in Sources */ = {isa = PBXBuildFile; fileRef = D85675EF2131472A003DB4C9 /* RootViewController.m */; };
		D85675F321314732003DB4C9 /* LeftViewController.m in Sources */ = {isa = PBXBuildFile; fileRef = D85675F221314732003DB4C9 /* LeftViewController.m */; };
		D85675F621314738003DB4C9 /* MidViewController.m in Sources */ = {isa = PBXBuildFile; fileRef = D85675F521314738003DB4C9 /* MidViewController.m */; };
/* End PBXBuildFile section */

/* Begin PBXContainerItemProxy section */
		D85675CE2131468E003DB4C9 /* PBXContainerItemProxy */ = {
			isa = PBXContainerItemProxy;
			containerPortal = D85675AD2131468C003DB4C9 /* Project object */;
			proxyType = 1;
			remoteGlobalIDString = D85675B42131468C003DB4C9;
			remoteInfo = DrawerEffect;
		};
		D85675D92131468E003DB4C9 /* PBXContainerItemProxy */ = {
			isa = PBXContainerItemProxy;
			containerPortal = D85675AD2131468C003DB4C9 /* Project object */;
			proxyType = 1;
			remoteGlobalIDString = D85675B42131468C003DB4C9;
			remoteInfo = DrawerEffect;
		};
/* End PBXContainerItemProxy section */

/* Begin PBXFileReference section */
		D85675B52131468C003DB4C9 /* DrawerEffect.app */ = {isa = PBXFileReference; explicitFileType = wrapper.application; includeInIndex = 0; path = DrawerEffect.app; sourceTree = BUILT_PRODUCTS_DIR; };
		D85675B82131468C003DB4C9 /* AppDelegate.h */ = {isa = PBXFileReference; lastKnownFileType = sourcecode.c.h; path = AppDelegate.h; sourceTree = "<group>"; };
		D85675B92131468C003DB4C9 /* AppDelegate.m */ = {isa = PBXFileReference; lastKnownFileType = sourcecode.c.objc; path = AppDelegate.m; sourceTree = "<group>"; };
		D85675BB2131468C003DB4C9 /* ViewController.h */ = {isa = PBXFileReference; lastKnownFileType = sourcecode.c.h; path = ViewController.h; sourceTree = "<group>"; };
		D85675BC2131468C003DB4C9 /* ViewController.m */ = {isa = PBXFileReference; lastKnownFileType = sourcecode.c.objc; path = ViewController.m; sourceTree = "<group>"; };
		D85675BF2131468C003DB4C9 /* Base */ = {isa = PBXFileReference; lastKnownFileType = file.storyboard; name = Base; path = Base.lproj/Main.storyboard; sourceTree = "<group>"; };
		D85675C12131468E003DB4C9 /* Assets.xcassets */ = {isa = PBXFileReference; lastKnownFileType = folder.assetcatalog; path = Assets.xcassets; sourceTree = "<group>"; };
		D85675C42131468E003DB4C9 /* Base */ = {isa = PBXFileReference; lastKnownFileType = file.storyboard; name = Base; path = Base.lproj/LaunchScreen.storyboard; sourceTree = "<group>"; };
		D85675C62131468E003DB4C9 /* Info.plist */ = {isa = PBXFileReference; lastKnownFileType = text.plist.xml; path = Info.plist; sourceTree = "<group>"; };
		D85675C72131468E003DB4C9 /* main.m */ = {isa = PBXFileReference; lastKnownFileType = sourcecode.c.objc; path = main.m; sourceTree = "<group>"; };
		D85675CD2131468E003DB4C9 /* DrawerEffectTests.xctest */ = {isa = PBXFileReference; explicitFileType = wrapper.cfbundle; includeInIndex = 0; path = DrawerEffectTests.xctest; sourceTree = BUILT_PRODUCTS_DIR; };
		D85675D12131468E003DB4C9 /* DrawerEffectTests.m */ = {isa = PBXFileReference; lastKnownFileType = sourcecode.c.objc; path = DrawerEffectTests.m; sourceTree = "<group>"; };
		D85675D32131468E003DB4C9 /* Info.plist */ = {isa = PBXFileReference; lastKnownFileType = text.plist.xml; path = Info.plist; sourceTree = "<group>"; };
		D85675D82131468E003DB4C9 /* DrawerEffectUITests.xctest */ = {isa = PBXFileReference; explicitFileType = wrapper.cfbundle; includeInIndex = 0; path = DrawerEffectUITests.xctest; sourceTree = BUILT_PRODUCTS_DIR; };
		D85675DC2131468E003DB4C9 /* DrawerEffectUITests.m */ = {isa = PBXFileReference; lastKnownFileType = sourcecode.c.objc; path = DrawerEffectUITests.m; sourceTree = "<group>"; };
		D85675DE2131468E003DB4C9 /* Info.plist */ = {isa = PBXFileReference; lastKnownFileType = text.plist.xml; path = Info.plist; sourceTree = "<group>"; };
		D85675EB21314714003DB4C9 /* BaseViewController.h */ = {isa = PBXFileReference; lastKnownFileType = sourcecode.c.h; path = BaseViewController.h; sourceTree = "<group>"; };
		D85675EC21314714003DB4C9 /* BaseViewController.m */ = {isa = PBXFileReference; lastKnownFileType = sourcecode.c.objc; path = BaseViewController.m; sourceTree = "<group>"; };
		D85675EE2131472A003DB4C9 /* RootViewController.h */ = {isa = PBXFileReference; lastKnownFileType = sourcecode.c.h; path = RootViewController.h; sourceTree = "<group>"; };
		D85675EF2131472A003DB4C9 /* RootViewController.m */ = {isa = PBXFileReference; lastKnownFileType = sourcecode.c.objc; path = RootViewController.m; sourceTree = "<group>"; };
		D85675F121314732003DB4C9 /* LeftViewController.h */ = {isa = PBXFileReference; lastKnownFileType = sourcecode.c.h; path = LeftViewController.h; sourceTree = "<group>"; };
		D85675F221314732003DB4C9 /* LeftViewController.m */ = {isa = PBXFileReference; lastKnownFileType = sourcecode.c.objc; path = LeftViewController.m; sourceTree = "<group>"; };
		D85675F421314738003DB4C9 /* MidViewController.h */ = {isa = PBXFileReference; lastKnownFileType = sourcecode.c.h; path = MidViewController.h; sourceTree = "<group>"; };
		D85675F521314738003DB4C9 /* MidViewController.m */ = {isa = PBXFileReference; lastKnownFileType = sourcecode.c.objc; path = MidViewController.m; sourceTree = "<group>"; };
/* End PBXFileReference section */

/* Begin PBXFrameworksBuildPhase section */
		D85675B22131468C003DB4C9 /* Frameworks */ = {
			isa = PBXFrameworksBuildPhase;
			buildActionMask = 2147483647;
			files = (
			);
			runOnlyForDeploymentPostprocessing = 0;
		};
		D85675CA2131468E003DB4C9 /* Frameworks */ = {
			isa = PBXFrameworksBuildPhase;
			buildActionMask = 2147483647;
			files = (
			);
			runOnlyForDeploymentPostprocessing = 0;
		};
		D85675D52131468E003DB4C9 /* Frameworks */ = {
			isa = PBXFrameworksBuildPhase;
			buildActionMask = 2147483647;
			files = (
			);
			runOnlyForDeploymentPostprocessing = 0;
		};
/* End PBXFrameworksBuildPhase section */

/* Begin PBXGroup section */
		D85675AC2131468C003DB4C9 = {
			isa = PBXGroup;
			children = (
				D85675B72131468C003DB4C9 /* DrawerEffect */,
				D85675D02131468E003DB4C9 /* DrawerEffectTests */,
				D85675DB2131468E003DB4C9 /* DrawerEffectUITests */,
				D85675B62131468C003DB4C9 /* Products */,
			);
			sourceTree = "<group>";
		};
		D85675B62131468C003DB4C9 /* Products */ = {
			isa = PBXGroup;
			children = (
				D85675B52131468C003DB4C9 /* DrawerEffect.app */,
				D85675CD2131468E003DB4C9 /* DrawerEffectTests.xctest */,
				D85675D82131468E003DB4C9 /* DrawerEffectUITests.xctest */,
			);
			name = Products;
			sourceTree = "<group>";
		};
		D85675B72131468C003DB4C9 /* DrawerEffect */ = {
			isa = PBXGroup;
			children = (
				D85675EA2131470A003DB4C9 /* Controllers */,
				D85675B82131468C003DB4C9 /* AppDelegate.h */,
				D85675B92131468C003DB4C9 /* AppDelegate.m */,
				D85675BB2131468C003DB4C9 /* ViewController.h */,
				D85675BC2131468C003DB4C9 /* ViewController.m */,
				D85675BE2131468C003DB4C9 /* Main.storyboard */,
				D85675C12131468E003DB4C9 /* Assets.xcassets */,
				D85675C32131468E003DB4C9 /* LaunchScreen.storyboard */,
				D85675C62131468E003DB4C9 /* Info.plist */,
				D85675C72131468E003DB4C9 /* main.m */,
			);
			path = DrawerEffect;
			sourceTree = "<group>";
		};
		D85675D02131468E003DB4C9 /* DrawerEffectTests */ = {
			isa = PBXGroup;
			children = (
				D85675D12131468E003DB4C9 /* DrawerEffectTests.m */,
				D85675D32131468E003DB4C9 /* Info.plist */,
			);
			path = DrawerEffectTests;
			sourceTree = "<group>";
		};
		D85675DB2131468E003DB4C9 /* DrawerEffectUITests */ = {
			isa = PBXGroup;
			children = (
				D85675DC2131468E003DB4C9 /* DrawerEffectUITests.m */,
				D85675DE2131468E003DB4C9 /* Info.plist */,
			);
			path = DrawerEffectUITests;
			sourceTree = "<group>";
		};
		D85675EA2131470A003DB4C9 /* Controllers */ = {
			isa = PBXGroup;
			children = (
				D85675EB21314714003DB4C9 /* BaseViewController.h */,
				D85675EC21314714003DB4C9 /* BaseViewController.m */,
				D85675EE2131472A003DB4C9 /* RootViewController.h */,
				D85675EF2131472A003DB4C9 /* RootViewController.m */,
				D85675F121314732003DB4C9 /* LeftViewController.h */,
				D85675F221314732003DB4C9 /* LeftViewController.m */,
				D85675F421314738003DB4C9 /* MidViewController.h */,
				D85675F521314738003DB4C9 /* MidViewController.m */,
			);
			path = Controllers;
			sourceTree = "<group>";
		};
/* End PBXGroup section */

/* Begin PBXNativeTarget section */
		D85675B42131468C003DB4C9 /* DrawerEffect */ = {
			isa = PBXNativeTarget;
			buildConfigurationList = D85675E12131468E003DB4C9 /* Build configuration list for PBXNativeTarget "DrawerEffect" */;
			buildPhases = (
				D85675B12131468C003DB4C9 /* Sources */,
				D85675B22131468C003DB4C9 /* Frameworks */,
				D85675B32131468C003DB4C9 /* Resources */,
			);
			buildRules = (
			);
			dependencies = (
			);
			name = DrawerEffect;
			productName = DrawerEffect;
			productReference = D85675B52131468C003DB4C9 /* DrawerEffect.app */;
			productType = "com.apple.product-type.application";
		};
		D85675CC2131468E003DB4C9 /* DrawerEffectTests */ = {
			isa = PBXNativeTarget;
			buildConfigurationList = D85675E42131468E003DB4C9 /* Build configuration list for PBXNativeTarget "DrawerEffectTests" */;
			buildPhases = (
				D85675C92131468E003DB4C9 /* Sources */,
				D85675CA2131468E003DB4C9 /* Frameworks */,
				D85675CB2131468E003DB4C9 /* Resources */,
			);
			buildRules = (
			);
			dependencies = (
				D85675CF2131468E003DB4C9 /* PBXTargetDependency */,
			);
			name = DrawerEffectTests;
			productName = DrawerEffectTests;
			productReference = D85675CD2131468E003DB4C9 /* DrawerEffectTests.xctest */;
			productType = "com.apple.product-type.bundle.unit-test";
		};
		D85675D72131468E003DB4C9 /* DrawerEffectUITests */ = {
			isa = PBXNativeTarget;
			buildConfigurationList = D85675E72131468E003DB4C9 /* Build configuration list for PBXNativeTarget "DrawerEffectUITests" */;
			buildPhases = (
				D85675D42131468E003DB4C9 /* Sources */,
				D85675D52131468E003DB4C9 /* Frameworks */,
				D85675D62131468E003DB4C9 /* Resources */,
			);
			buildRules = (
			);
			dependencies = (
				D85675DA2131468E003DB4C9 /* PBXTargetDependency */,
			);
			name = DrawerEffectUITests;
			productName = DrawerEffectUITests;
			productReference = D85675D82131468E003DB4C9 /* DrawerEffectUITests.xctest */;
			productType = "com.apple.product-type.bundle.ui-testing";
		};
/* End PBXNativeTarget section */

/* Begin PBXProject section */
		D85675AD2131468C003DB4C9 /* Project object */ = {
			isa = PBXProject;
			attributes = {
				LastUpgradeCheck = 0940;
				ORGANIZATIONNAME = "仲召俊";
				TargetAttributes = {
					D85675B42131468C003DB4C9 = {
						CreatedOnToolsVersion = 9.4.1;
					};
					D85675CC2131468E003DB4C9 = {
						CreatedOnToolsVersion = 9.4.1;
						TestTargetID = D85675B42131468C003DB4C9;
					};
					D85675D72131468E003DB4C9 = {
						CreatedOnToolsVersion = 9.4.1;
						TestTargetID = D85675B42131468C003DB4C9;
					};
				};
			};
			buildConfigurationList = D85675B02131468C003DB4C9 /* Build configuration list for PBXProject "DrawerEffect" */;
			compatibilityVersion = "Xcode 9.3";
			developmentRegion = en;
			hasScannedForEncodings = 0;
			knownRegions = (
				en,
				Base,
			);
			mainGroup = D85675AC2131468C003DB4C9;
			productRefGroup = D85675B62131468C003DB4C9 /* Products */;
			projectDirPath = "";
			projectRoot = "";
			targets = (
				D85675B42131468C003DB4C9 /* DrawerEffect */,
				D85675CC2131468E003DB4C9 /* DrawerEffectTests */,
				D85675D72131468E003DB4C9 /* DrawerEffectUITests */,
			);
		};
/* End PBXProject section */

/* Begin PBXResourcesBuildPhase section */
		D85675B32131468C003DB4C9 /* Resources */ = {
			isa = PBXResourcesBuildPhase;
			buildActionMask = 2147483647;
			files = (
				D85675C52131468E003DB4C9 /* LaunchScreen.storyboard in Resources */,
				D85675C22131468E003DB4C9 /* Assets.xcassets in Resources */,
				D85675C02131468C003DB4C9 /* Main.storyboard in Resources */,
			);
			runOnlyForDeploymentPostprocessing = 0;
		};
		D85675CB2131468E003DB4C9 /* Resources */ = {
			isa = PBXResourcesBuildPhase;
			buildActionMask = 2147483647;
			files = (
			);
			runOnlyForDeploymentPostprocessing = 0;
		};
		D85675D62131468E003DB4C9 /* Resources */ = {
			isa = PBXResourcesBuildPhase;
			buildActionMask = 2147483647;
			files = (
			);
			runOnlyForDeploymentPostprocessing = 0;
		};
/* End PBXResourcesBuildPhase section */

/* Begin PBXSourcesBuildPhase section */
		D85675B12131468C003DB4C9 /* Sources */ = {
			isa = PBXSourcesBuildPhase;
			buildActionMask = 2147483647;
			files = (
				D85675BD2131468C003DB4C9 /* ViewController.m in Sources */,
				D85675ED21314714003DB4C9 /* BaseViewController.m in Sources */,
				D85675C82131468E003DB4C9 /* main.m in Sources */,
				D85675F321314732003DB4C9 /* LeftViewController.m in Sources */,
				D85675F621314738003DB4C9 /* MidViewController.m in Sources */,
				D85675BA2131468C003DB4C9 /* AppDelegate.m in Sources */,
				D85675F02131472A003DB4C9 /* RootViewController.m in Sources */,
			);
			runOnlyForDeploymentPostprocessing = 0;
		};
		D85675C92131468E003DB4C9 /* Sources */ = {
			isa = PBXSourcesBuildPhase;
			buildActionMask = 2147483647;
			files = (
				D85675D22131468E003DB4C9 /* DrawerEffectTests.m in Sources */,
			);
			runOnlyForDeploymentPostprocessing = 0;
		};
		D85675D42131468E003DB4C9 /* Sources */ = {
			isa = PBXSourcesBuildPhase;
			buildActionMask = 2147483647;
			files = (
				D85675DD2131468E003DB4C9 /* DrawerEffectUITests.m in Sources */,
			);
			runOnlyForDeploymentPostprocessing = 0;
		};
/* End PBXSourcesBuildPhase section */

/* Begin PBXTargetDependency section */
		D85675CF2131468E003DB4C9 /* PBXTargetDependency */ = {
			isa = PBXTargetDependency;
			target = D85675B42131468C003DB4C9 /* DrawerEffect */;
			targetProxy = D85675CE2131468E003DB4C9 /* PBXContainerItemProxy */;
		};
		D85675DA2131468E003DB4C9 /* PBXTargetDependency */ = {
			isa = PBXTargetDependency;
			target = D85675B42131468C003DB4C9 /* DrawerEffect */;
			targetProxy = D85675D92131468E003DB4C9 /* PBXContainerItemProxy */;
		};
/* End PBXTargetDependency section */

/* Begin PBXVariantGroup section */
		D85675BE2131468C003DB4C9 /* Main.storyboard */ = {
			isa = PBXVariantGroup;
			children = (
				D85675BF2131468C003DB4C9 /* Base */,
			);
			name = Main.storyboard;
			sourceTree = "<group>";
		};
		D85675C32131468E003DB4C9 /* LaunchScreen.storyboard */ = {
			isa = PBXVariantGroup;
			children = (
				D85675C42131468E003DB4C9 /* Base */,
			);
			name = LaunchScreen.storyboard;
			sourceTree = "<group>";
		};
/* End PBXVariantGroup section */

/* Begin XCBuildConfiguration section */
		D85675DF2131468E003DB4C9 /* Debug */ = {
			isa = XCBuildConfiguration;
			buildSettings = {
				ALWAYS_SEARCH_USER_PATHS = NO;
				CLANG_ANALYZER_NONNULL = YES;
				CLANG_ANALYZER_NUMBER_OBJECT_CONVERSION = YES_AGGRESSIVE;
				CLANG_CXX_LANGUAGE_STANDARD = "gnu++14";
				CLANG_CXX_LIBRARY = "libc++";
				CLANG_ENABLE_MODULES = YES;
				CLANG_ENABLE_OBJC_ARC = YES;
				CLANG_ENABLE_OBJC_WEAK = YES;
				CLANG_WARN_BLOCK_CAPTURE_AUTORELEASING = YES;
				CLANG_WARN_BOOL_CONVERSION = YES;
				CLANG_WARN_COMMA = YES;
				CLANG_WARN_CONSTANT_CONVERSION = YES;
				CLANG_WARN_DEPRECATED_OBJC_IMPLEMENTATIONS = YES;
				CLANG_WARN_DIRECT_OBJC_ISA_USAGE = YES_ERROR;
				CLANG_WARN_DOCUMENTATION_COMMENTS = YES;
				CLANG_WARN_EMPTY_BODY = YES;
				CLANG_WARN_ENUM_CONVERSION = YES;
				CLANG_WARN_INFINITE_RECURSION = YES;
				CLANG_WARN_INT_CONVERSION = YES;
				CLANG_WARN_NON_LITERAL_NULL_CONVERSION = YES;
				CLANG_WARN_OBJC_IMPLICIT_RETAIN_SELF = YES;
				CLANG_WARN_OBJC_LITERAL_CONVERSION = YES;
				CLANG_WARN_OBJC_ROOT_CLASS = YES_ERROR;
				CLANG_WARN_RANGE_LOOP_ANALYSIS = YES;
				CLANG_WARN_STRICT_PROTOTYPES = YES;
				CLANG_WARN_SUSPICIOUS_MOVE = YES;
				CLANG_WARN_UNGUARDED_AVAILABILITY = YES_AGGRESSIVE;
				CLANG_WARN_UNREACHABLE_CODE = YES;
				CLANG_WARN__DUPLICATE_METHOD_MATCH = YES;
				CODE_SIGN_IDENTITY = "iPhone Developer";
				COPY_PHASE_STRIP = NO;
				DEBUG_INFORMATION_FORMAT = dwarf;
				ENABLE_STRICT_OBJC_MSGSEND = YES;
				ENABLE_TESTABILITY = YES;
				GCC_C_LANGUAGE_STANDARD = gnu11;
				GCC_DYNAMIC_NO_PIC = NO;
				GCC_NO_COMMON_BLOCKS = YES;
				GCC_OPTIMIZATION_LEVEL = 0;
				GCC_PREPROCESSOR_DEFINITIONS = (
					"DEBUG=1",
					"$(inherited)",
				);
				GCC_WARN_64_TO_32_BIT_CONVERSION = YES;
				GCC_WARN_ABOUT_RETURN_TYPE = YES_ERROR;
				GCC_WARN_UNDECLARED_SELECTOR = YES;
				GCC_WARN_UNINITIALIZED_AUTOS = YES_AGGRESSIVE;
				GCC_WARN_UNUSED_FUNCTION = YES;
				GCC_WARN_UNUSED_VARIABLE = YES;
				IPHONEOS_DEPLOYMENT_TARGET = 11.4;
				MTL_ENABLE_DEBUG_INFO = YES;
				ONLY_ACTIVE_ARCH = YES;
				SDKROOT = iphoneos;
			};
			name = Debug;
		};
		D85675E02131468E003DB4C9 /* Release */ = {
			isa = XCBuildConfiguration;
			buildSettings = {
				ALWAYS_SEARCH_USER_PATHS = NO;
				CLANG_ANALYZER_NONNULL = YES;
				CLANG_ANALYZER_NUMBER_OBJECT_CONVERSION = YES_AGGRESSIVE;
				CLANG_CXX_LANGUAGE_STANDARD = "gnu++14";
				CLANG_CXX_LIBRARY = "libc++";
				CLANG_ENABLE_MODULES = YES;
				CLANG_ENABLE_OBJC_ARC = YES;
				CLANG_ENABLE_OBJC_WEAK = YES;
				CLANG_WARN_BLOCK_CAPTURE_AUTORELEASING = YES;
				CLANG_WARN_BOOL_CONVERSION = YES;
				CLANG_WARN_COMMA = YES;
				CLANG_WARN_CONSTANT_CONVERSION = YES;
				CLANG_WARN_DEPRECATED_OBJC_IMPLEMENTATIONS = YES;
				CLANG_WARN_DIRECT_OBJC_ISA_USAGE = YES_ERROR;
				CLANG_WARN_DOCUMENTATION_COMMENTS = YES;
				CLANG_WARN_EMPTY_BODY = YES;
				CLANG_WARN_ENUM_CONVERSION = YES;
				CLANG_WARN_INFINITE_RECURSION = YES;
				CLANG_WARN_INT_CONVERSION = YES;
				CLANG_WARN_NON_LITERAL_NULL_CONVERSION = YES;
				CLANG_WARN_OBJC_IMPLICIT_RETAIN_SELF = YES;
				CLANG_WARN_OBJC_LITERAL_CONVERSION = YES;
				CLANG_WARN_OBJC_ROOT_CLASS = YES_ERROR;
				CLANG_WARN_RANGE_LOOP_ANALYSIS = YES;
				CLANG_WARN_STRICT_PROTOTYPES = YES;
				CLANG_WARN_SUSPICIOUS_MOVE = YES;
				CLANG_WARN_UNGUARDED_AVAILABILITY = YES_AGGRESSIVE;
				CLANG_WARN_UNREACHABLE_CODE = YES;
				CLANG_WARN__DUPLICATE_METHOD_MATCH = YES;
				CODE_SIGN_IDENTITY = "iPhone Developer";
				COPY_PHASE_STRIP = NO;
				DEBUG_INFORMATION_FORMAT = "dwarf-with-dsym";
				ENABLE_NS_ASSERTIONS = NO;
				ENABLE_STRICT_OBJC_MSGSEND = YES;
				GCC_C_LANGUAGE_STANDARD = gnu11;
				GCC_NO_COMMON_BLOCKS = YES;
				GCC_WARN_64_TO_32_BIT_CONVERSION = YES;
				GCC_WARN_ABOUT_RETURN_TYPE = YES_ERROR;
				GCC_WARN_UNDECLARED_SELECTOR = YES;
				GCC_WARN_UNINITIALIZED_AUTOS = YES_AGGRESSIVE;
				GCC_WARN_UNUSED_FUNCTION = YES;
				GCC_WARN_UNUSED_VARIABLE = YES;
				IPHONEOS_DEPLOYMENT_TARGET = 11.4;
				MTL_ENABLE_DEBUG_INFO = NO;
				SDKROOT = iphoneos;
				VALIDATE_PRODUCT = YES;
			};
			name = Release;
		};
		D85675E22131468E003DB4C9 /* Debug */ = {
			isa = XCBuildConfiguration;
			buildSettings = {
				ASSETCATALOG_COMPILER_APPICON_NAME = AppIcon;
				CODE_SIGN_STYLE = Automatic;
				DEVELOPMENT_TEAM = HHBWV8ZU9T;
				INFOPLIST_FILE = DrawerEffect/Info.plist;
				LD_RUNPATH_SEARCH_PATHS = (
					"$(inherited)",
					"@executable_path/Frameworks",
				);
				PRODUCT_BUNDLE_IDENTIFIER = JOE.DrawerEffect;
				PRODUCT_NAME = "$(TARGET_NAME)";
				TARGETED_DEVICE_FAMILY = "1,2";
			};
			name = Debug;
		};
		D85675E32131468E003DB4C9 /* Release */ = {
			isa = XCBuildConfiguration;
			buildSettings = {
				ASSETCATALOG_COMPILER_APPICON_NAME = AppIcon;
				CODE_SIGN_STYLE = Automatic;
				DEVELOPMENT_TEAM = HHBWV8ZU9T;
				INFOPLIST_FILE = DrawerEffect/Info.plist;
				LD_RUNPATH_SEARCH_PATHS = (
					"$(inherited)",
					"@executable_path/Frameworks",
				);
				PRODUCT_BUNDLE_IDENTIFIER = JOE.DrawerEffect;
				PRODUCT_NAME = "$(TARGET_NAME)";
				TARGETED_DEVICE_FAMILY = "1,2";
			};
			name = Release;
		};
		D85675E52131468E003DB4C9 /* Debug */ = {
			isa = XCBuildConfiguration;
			buildSettings = {
				BUNDLE_LOADER = "$(TEST_HOST)";
				CODE_SIGN_STYLE = Automatic;
				DEVELOPMENT_TEAM = HHBWV8ZU9T;
				INFOPLIST_FILE = DrawerEffectTests/Info.plist;
				LD_RUNPATH_SEARCH_PATHS = (
					"$(inherited)",
					"@executable_path/Frameworks",
					"@loader_path/Frameworks",
				);
				PRODUCT_BUNDLE_IDENTIFIER = JOE.DrawerEffectTests;
				PRODUCT_NAME = "$(TARGET_NAME)";
				TARGETED_DEVICE_FAMILY = "1,2";
				TEST_HOST = "$(BUILT_PRODUCTS_DIR)/DrawerEffect.app/DrawerEffect";
			};
			name = Debug;
		};
		D85675E62131468E003DB4C9 /* Release */ = {
			isa = XCBuildConfiguration;
			buildSettings = {
				BUNDLE_LOADER = "$(TEST_HOST)";
				CODE_SIGN_STYLE = Automatic;
				DEVELOPMENT_TEAM = HHBWV8ZU9T;
				INFOPLIST_FILE = DrawerEffectTests/Info.plist;
				LD_RUNPATH_SEARCH_PATHS = (
					"$(inherited)",
					"@executable_path/Frameworks",
					"@loader_path/Frameworks",
				);
				PRODUCT_BUNDLE_IDENTIFIER = JOE.DrawerEffectTests;
				PRODUCT_NAME = "$(TARGET_NAME)";
				TARGETED_DEVICE_FAMILY = "1,2";
				TEST_HOST = "$(BUILT_PRODUCTS_DIR)/DrawerEffect.app/DrawerEffect";
			};
			name = Release;
		};
		D85675E82131468E003DB4C9 /* Debug */ = {
			isa = XCBuildConfiguration;
			buildSettings = {
				CODE_SIGN_STYLE = Automatic;
				DEVELOPMENT_TEAM = HHBWV8ZU9T;
				INFOPLIST_FILE = DrawerEffectUITests/Info.plist;
				LD_RUNPATH_SEARCH_PATHS = (
					"$(inherited)",
					"@executable_path/Frameworks",
					"@loader_path/Frameworks",
				);
				PRODUCT_BUNDLE_IDENTIFIER = JOE.DrawerEffectUITests;
				PRODUCT_NAME = "$(TARGET_NAME)";
				TARGETED_DEVICE_FAMILY = "1,2";
				TEST_TARGET_NAME = DrawerEffect;
			};
			name = Debug;
		};
		D85675E92131468E003DB4C9 /* Release */ = {
			isa = XCBuildConfiguration;
			buildSettings = {
				CODE_SIGN_STYLE = Automatic;
				DEVELOPMENT_TEAM = HHBWV8ZU9T;
				INFOPLIST_FILE = DrawerEffectUITests/Info.plist;
				LD_RUNPATH_SEARCH_PATHS = (
					"$(inherited)",
					"@executable_path/Frameworks",
					"@loader_path/Frameworks",
				);
				PRODUCT_BUNDLE_IDENTIFIER = JOE.DrawerEffectUITests;
				PRODUCT_NAME = "$(TARGET_NAME)";
				TARGETED_DEVICE_FAMILY = "1,2";
				TEST_TARGET_NAME = DrawerEffect;
			};
			name = Release;
		};
/* End XCBuildConfiguration section */

/* Begin XCConfigurationList section */
		D85675B02131468C003DB4C9 /* Build configuration list for PBXProject "DrawerEffect" */ = {
			isa = XCConfigurationList;
			buildConfigurations = (
				D85675DF2131468E003DB4C9 /* Debug */,
				D85675E02131468E003DB4C9 /* Release */,
			);
			defaultConfigurationIsVisible = 0;
			defaultConfigurationName = Release;
		};
		D85675E12131468E003DB4C9 /* Build configuration list for PBXNativeTarget "DrawerEffect" */ = {
			isa = XCConfigurationList;
			buildConfigurations = (
				D85675E22131468E003DB4C9 /* Debug */,
				D85675E32131468E003DB4C9 /* Release */,
			);
			defaultConfigurationIsVisible = 0;
			defaultConfigurationName = Release;
		};
		D85675E42131468E003DB4C9 /* Build configuration list for PBXNativeTarget "DrawerEffectTests" */ = {
			isa = XCConfigurationList;
			buildConfigurations = (
				D85675E52131468E003DB4C9 /* Debug */,
				D85675E62131468E003DB4C9 /* Release */,
			);
			defaultConfigurationIsVisible = 0;
			defaultConfigurationName = Release;
		};
		D85675E72131468E003DB4C9 /* Build configuration list for PBXNativeTarget "DrawerEffectUITests" */ = {
			isa = XCConfigurationList;
			buildConfigurations = (
				D85675E82131468E003DB4C9 /* Debug */,
				D85675E92131468E003DB4C9 /* Release */,
			);
			defaultConfigurationIsVisible = 0;
			defaultConfigurationName = Release;
		};
/* End XCConfigurationList section */
	};
	rootObject = D85675AD2131468C003DB4C9 /* Project object */;
}
